// !$*UTF8*$!
{
	archiveVersion = 1;
	classes = {
	};
	objectVersion = 76;
	objects = {

/* Begin PBXBuildFile section */
		E22A75352FA4A539006CAB3F /* SwiftMIDIIO in Frameworks */ = {isa = PBXBuildFile; productRef = E22A75342FA4A539006CAB3F /* SwiftMIDIIO */; };
		E22A75382FA4A540006CAB3F /* SwiftMIDIIO in Frameworks */ = {isa = PBXBuildFile; productRef = E22A75372FA4A540006CAB3F /* SwiftMIDIIO */; };
/* End PBXBuildFile section */

/* Begin PBXFileReference section */
		E20CF4B8299C7F6200F0E003 /* MIDI System Info.app */ = {isa = PBXFileReference; explicitFileType = wrapper.application; includeInIndex = 0; path = "MIDI System Info.app"; sourceTree = BUILT_PRODUCTS_DIR; };
		E230C49F25AE7B31005DCB55 /* MIDI System Info.app */ = {isa = PBXFileReference; explicitFileType = wrapper.application; includeInIndex = 0; path = "MIDI System Info.app"; sourceTree = BUILT_PRODUCTS_DIR; };
		E2CEA4962AFE3C6100BE92F7 /* README.md */ = {isa = PBXFileReference; lastKnownFileType = net.daringfireball.markdown; path = README.md; sourceTree = "<group>"; };
/* End PBXFileReference section */

/* Begin PBXFileSystemSynchronizedBuildFileExceptionSet section */
		E22A75BF2FA4A68B006CAB3F /* PBXFileSystemSynchronizedBuildFileExceptionSet */ = {
			isa = PBXFileSystemSynchronizedBuildFileExceptionSet;
			membershipExceptions = (
				/Localized/iOS/LaunchScreen.storyboard,
				iOS/AppDelegate.swift,
				iOS/Info.plist,
				iOS/SceneDelegate.swift,
				macOS/Info.plist,
			);
			target = E230C49E25AE7B31005DCB55 /* MIDISystemInfo macOS */;
		};
		E22A75C02FA4A68B006CAB3F /* PBXFileSystemSynchronizedBuildFileExceptionSet */ = {
			isa = PBXFileSystemSynchronizedBuildFileExceptionSet;
			membershipExceptions = (
				/Localized/macOS/Main.storyboard,
				iOS/Info.plist,
				macOS/AppDelegate.swift,
				macOS/Info.plist,
			);
			target = E20CF4B7299C7F6200F0E003 /* MIDISystemInfo iOS */;
		};
/* End PBXFileSystemSynchronizedBuildFileExceptionSet section */

/* Begin PBXFileSystemSynchronizedRootGroup section */
		E22A75942FA4A68A006CAB3F /* MIDISystemInfo */ = {isa = PBXFileSystemSynchronizedRootGroup; exceptions = (E22A75BF2FA4A68B006CAB3F /* PBXFileSystemSynchronizedBuildFileExceptionSet */, E22A75C02FA4A68B006CAB3F /* PBXFileSystemSynchronizedBuildFileExceptionSet */, ); explicitFileTypes = {}; explicitFolders = (); path = MIDISystemInfo; sourceTree = "<group>"; };
/* End PBXFileSystemSynchronizedRootGroup section */

/* Begin PBXFrameworksBuildPhase section */
		E20CF4B5299C7F6200F0E003 /* Frameworks */ = {
			isa = PBXFrameworksBuildPhase;
			buildActionMask = 2147483647;
			files = (
				E22A75382FA4A540006CAB3F /* SwiftMIDIIO in Frameworks */,
			);
			runOnlyForDeploymentPostprocessing = 0;
		};
		E230C49C25AE7B31005DCB55 /* Frameworks */ = {
			isa = PBXFrameworksBuildPhase;
			buildActionMask = 2147483647;
			files = (
				E22A75352FA4A539006CAB3F /* SwiftMIDIIO in Frameworks */,
			);
			runOnlyForDeploymentPostprocessing = 0;
		};
/* End PBXFrameworksBuildPhase section */

/* Begin PBXGroup section */
		E230C49625AE7B31005DCB55 = {
			isa = PBXGroup;
			children = (
				E2CEA4962AFE3C6100BE92F7 /* README.md */,
				E22A75942FA4A68A006CAB3F /* MIDISystemInfo */,
				E230C4A025AE7B31005DCB55 /* Products */,
			);
			sourceTree = "<group>";
		};
		E230C4A025AE7B31005DCB55 /* Products */ = {
			isa = PBXGroup;
			children = (
				E230C49F25AE7B31005DCB55 /* MIDI System Info.app */,
				E20CF4B8299C7F6200F0E003 /* MIDI System Info.app */,
			);
			name = Products;
			sourceTree = "<group>";
		};
/* End PBXGroup section */

/* Begin PBXNativeTarget section */
		E20CF4B7299C7F6200F0E003 /* MIDISystemInfo iOS */ = {
			isa = PBXNativeTarget;
			buildConfigurationList = E20CF4CB299C7F6300F0E003 /* Build configuration list for PBXNativeTarget "MIDISystemInfo iOS" */;
			buildPhases = (
				E20CF4B4299C7F6200F0E003 /* Sources */,
				E20CF4B5299C7F6200F0E003 /* Frameworks */,
				E20CF4B6299C7F6200F0E003 /* Resources */,
			);
			buildRules = (
			);
			dependencies = (
			);
			fileSystemSynchronizedGroups = (
				E22A75942FA4A68A006CAB3F /* MIDISystemInfo */,
			);
			name = "MIDISystemInfo iOS";
			packageProductDependencies = (
				E22A75372FA4A540006CAB3F /* SwiftMIDIIO */,
			);
			productName = "MIDISystemInfo iOS";
			productReference = E20CF4B8299C7F6200F0E003 /* MIDI System Info.app */;
			productType = "com.apple.product-type.application";
		};
		E230C49E25AE7B31005DCB55 /* MIDISystemInfo macOS */ = {
			isa = PBXNativeTarget;
			buildConfigurationList = E230C4C825AE7B33005DCB55 /* Build configuration list for PBXNativeTarget "MIDISystemInfo macOS" */;
			buildPhases = (
				E230C49B25AE7B31005DCB55 /* Sources */,
				E230C49C25AE7B31005DCB55 /* Frameworks */,
				E230C49D25AE7B31005DCB55 /* Resources */,
			);
			buildRules = (
			);
			dependencies = (
			);
			fileSystemSynchronizedGroups = (
				E22A75942FA4A68A006CAB3F /* MIDISystemInfo */,
			);
			name = "MIDISystemInfo macOS";
			packageProductDependencies = (
				E22A75342FA4A539006CAB3F /* SwiftMIDIIO */,
			);
			productName = MIDISystemInfo;
			productReference = E230C49F25AE7B31005DCB55 /* MIDI System Info.app */;
			productType = "com.apple.product-type.application";
		};
/* End PBXNativeTarget section */

/* Begin PBXProject section */
		E230C49725AE7B31005DCB55 /* Project object */ = {
			isa = PBXProject;
			attributes = {
				BuildIndependentTargetsInParallel = YES;
				LastSwiftUpdateCheck = 1420;
				LastUpgradeCheck = 1620;
				TargetAttributes = {
					E20CF4B7299C7F6200F0E003 = {
						CreatedOnToolsVersion = 14.2;
					};
					E230C49E25AE7B31005DCB55 = {
						CreatedOnToolsVersion = 12.3;
					};
				};
			};
			buildConfigurationList = E230C49A25AE7B31005DCB55 /* Build configuration list for PBXProject "MIDISystemInfo" */;
			developmentRegion = en;
			hasScannedForEncodings = 0;
			knownRegions = (
				en,
				Base,
			);
			mainGroup = E230C49625AE7B31005DCB55;
			packageReferences = (
				E22A75332FA4A539006CAB3F /* XCLocalSwiftPackageReference "../../../" */,
			);
			preferredProjectObjectVersion = 60;
			productRefGroup = E230C4A025AE7B31005DCB55 /* Products */;
			projectDirPath = "";
			projectRoot = "";
			targets = (
				E230C49E25AE7B31005DCB55 /* MIDISystemInfo macOS */,
				E20CF4B7299C7F6200F0E003 /* MIDISystemInfo iOS */,
			);
		};
/* End PBXProject section */

/* Begin PBXResourcesBuildPhase section */
		E20CF4B6299C7F6200F0E003 /* Resources */ = {
			isa = PBXResourcesBuildPhase;
			buildActionMask = 2147483647;
			files = (
			);
			runOnlyForDeploymentPostprocessing = 0;
		};
		E230C49D25AE7B31005DCB55 /* Resources */ = {
			isa = PBXResourcesBuildPhase;
			buildActionMask = 2147483647;
			files = (
			);
			runOnlyForDeploymentPostprocessing = 0;
		};
/* End PBXResourcesBuildPhase section */

/* Begin PBXSourcesBuildPhase section */
		E20CF4B4299C7F6200F0E003 /* Sources */ = {
			isa = PBXSourcesBuildPhase;
			buildActionMask = 2147483647;
			files = (
			);
			runOnlyForDeploymentPostprocessing = 0;
		};
		E230C49B25AE7B31005DCB55 /* Sources */ = {
			isa = PBXSourcesBuildPhase;
			buildActionMask = 2147483647;
			files = (
			);
			runOnlyForDeploymentPostprocessing = 0;
		};
/* End PBXSourcesBuildPhase section */

/* Begin XCBuildConfiguration section */
		E20CF4C9299C7F6300F0E003 /* Debug */ = {
			isa = XCBuildConfiguration;
			buildSettings = {
				ASSETCATALOG_COMPILER_APPICON_NAME = AppIcon;
				ASSETCATALOG_COMPILER_GLOBAL_ACCENT_COLOR_NAME = AccentColor;
				CLANG_CXX_LANGUAGE_STANDARD = "gnu++20";
				CODE_SIGN_STYLE = Automatic;
				CURRENT_PROJECT_VERSION = 5;
				DEVELOPMENT_TEAM = "";
				GENERATE_INFOPLIST_FILE = YES;
				INFOPLIST_FILE = MIDISystemInfo/iOS/Info.plist;
				INFOPLIST_KEY_CFBundleDisplayName = "MIDI System Info";
				INFOPLIST_KEY_LSApplicationCategoryType = "public.app-category.utilities";
				INFOPLIST_KEY_UIApplicationSupportsIndirectInputEvents = YES;
				INFOPLIST_KEY_UILaunchStoryboardName = LaunchScreen.storyboard;
				INFOPLIST_KEY_UISupportedInterfaceOrientations = "UIInterfaceOrientationLandscapeLeft UIInterfaceOrientationLandscapeRight UIInterfaceOrientationPortrait UIInterfaceOrientationPortraitUpsideDown";
				LD_RUNPATH_SEARCH_PATHS = (
					"$(inherited)",
					"@executable_path/Frameworks",
				);
				MARKETING_VERSION = 1.4;
				PRODUCT_BUNDLE_IDENTIFIER = "com.orchetect.swift-midi.MIDISystemInfo${DEVELOPMENT_TEAM}";
				PRODUCT_NAME = "MIDI System Info";
				SDKROOT = iphoneos;
				SUPPORTED_PLATFORMS = "iphoneos iphonesimulator";
				SUPPORTS_MACCATALYST = NO;
				SUPPORTS_MAC_DESIGNED_FOR_IPHONE_IPAD = NO;
				SWIFT_EMIT_LOC_STRINGS = YES;
				TARGETED_DEVICE_FAMILY = "1,2";
			};
			name = Debug;
		};
		E20CF4CA299C7F6300F0E003 /* Release */ = {
			isa = XCBuildConfiguration;
			buildSettings = {
				ASSETCATALOG_COMPILER_APPICON_NAME = AppIcon;
				ASSETCATALOG_COMPILER_GLOBAL_ACCENT_COLOR_NAME = AccentColor;
				CLANG_CXX_LANGUAGE_STANDARD = "gnu++20";
				CODE_SIGN_STYLE = Automatic;
				CURRENT_PROJECT_VERSION = 5;
				DEVELOPMENT_TEAM = "";
				GENERATE_INFOPLIST_FILE = YES;
				INFOPLIST_FILE = MIDISystemInfo/iOS/Info.plist;
				INFOPLIST_KEY_CFBundleDisplayName = "MIDI System Info";
				INFOPLIST_KEY_LSApplicationCategoryType = "public.app-category.utilities";
				INFOPLIST_KEY_UIApplicationSupportsIndirectInputEvents = YES;
				INFOPLIST_KEY_UILaunchStoryboardName = LaunchScreen.storyboard;
				INFOPLIST_KEY_UISupportedInterfaceOrientations = "UIInterfaceOrientationLandscapeLeft UIInterfaceOrientationLandscapeRight UIInterfaceOrientationPortrait UIInterfaceOrientationPortraitUpsideDown";
				LD_RUNPATH_SEARCH_PATHS = (
					"$(inherited)",
					"@executable_path/Frameworks",
				);
				MARKETING_VERSION = 1.4;
				PRODUCT_BUNDLE_IDENTIFIER = "com.orchetect.swift-midi.MIDISystemInfo${DEVELOPMENT_TEAM}";
				PRODUCT_NAME = "MIDI System Info";
				SDKROOT = iphoneos;
				SUPPORTED_PLATFORMS = "iphoneos iphonesimulator";
				SUPPORTS_MACCATALYST = NO;
				SUPPORTS_MAC_DESIGNED_FOR_IPHONE_IPAD = NO;
				SWIFT_EMIT_LOC_STRINGS = YES;
				TARGETED_DEVICE_FAMILY = "1,2";
				VALIDATE_PRODUCT = YES;
			};
			name = Release;
		};
		E230C4C625AE7B33005DCB55 /* Debug */ = {
			isa = XCBuildConfiguration;
			buildSettings = {
				ALWAYS_SEARCH_USER_PATHS = NO;
				ASSETCATALOG_COMPILER_GENERATE_SWIFT_ASSET_SYMBOL_EXTENSIONS = YES;
				CLANG_ANALYZER_NONNULL = YES;
				CLANG_ANALYZER_NUMBER_OBJECT_CONVERSION = YES_AGGRESSIVE;
				CLANG_CXX_LANGUAGE_STANDARD = "gnu++14";
				CLANG_CXX_LIBRARY = "libc++";
				CLANG_ENABLE_MODULES = YES;
				CLANG_ENABLE_OBJC_ARC = YES;
				CLANG_ENABLE_OBJC_WEAK = YES;
				CLANG_WARN_BLOCK_CAPTURE_AUTORELEASING = YES;
				CLANG_WARN_BOOL_CONVERSION = YES;
				CLANG_WARN_COMMA = YES;
				CLANG_WARN_CONSTANT_CONVERSION = YES;
				CLANG_WARN_DEPRECATED_OBJC_IMPLEMENTATIONS = YES;
				CLANG_WARN_DIRECT_OBJC_ISA_USAGE = YES_ERROR;
				CLANG_WARN_DOCUMENTATION_COMMENTS = YES;
				CLANG_WARN_EMPTY_BODY = YES;
				CLANG_WARN_ENUM_CONVERSION = YES;
				CLANG_WARN_INFINITE_RECURSION = YES;
				CLANG_WARN_INT_CONVERSION = YES;
				CLANG_WARN_NON_LITERAL_NULL_CONVERSION = YES;
				CLANG_WARN_OBJC_IMPLICIT_RETAIN_SELF = YES;
				CLANG_WARN_OBJC_LITERAL_CONVERSION = YES;
				CLANG_WARN_OBJC_ROOT_CLASS = YES_ERROR;
				CLANG_WARN_QUOTED_INCLUDE_IN_FRAMEWORK_HEADER = YES;
				CLANG_WARN_RANGE_LOOP_ANALYSIS = YES;
				CLANG_WARN_STRICT_PROTOTYPES = YES;
				CLANG_WARN_SUSPICIOUS_MOVE = YES;
				CLANG_WARN_UNGUARDED_AVAILABILITY = YES_AGGRESSIVE;
				CLANG_WARN_UNREACHABLE_CODE = YES;
				CLANG_WARN__DUPLICATE_METHOD_MATCH = YES;
				COPY_PHASE_STRIP = NO;
				DEAD_CODE_STRIPPING = YES;
				DEBUG_INFORMATION_FORMAT = dwarf;
				ENABLE_STRICT_OBJC_MSGSEND = YES;
				ENABLE_TESTABILITY = YES;
				ENABLE_USER_SCRIPT_SANDBOXING = YES;
				GCC_C_LANGUAGE_STANDARD = gnu11;
				GCC_DYNAMIC_NO_PIC = NO;
				GCC_NO_COMMON_BLOCKS = YES;
				GCC_OPTIMIZATION_LEVEL = 0;
				GCC_PREPROCESSOR_DEFINITIONS = (
					"DEBUG=1",
					"$(inherited)",
				);
				GCC_WARN_64_TO_32_BIT_CONVERSION = YES;
				GCC_WARN_ABOUT_RETURN_TYPE = YES_ERROR;
				GCC_WARN_UNDECLARED_SELECTOR = YES;
				GCC_WARN_UNINITIALIZED_AUTOS = YES_AGGRESSIVE;
				GCC_WARN_UNUSED_FUNCTION = YES;
				GCC_WARN_UNUSED_VARIABLE = YES;
				IPHONEOS_DEPLOYMENT_TARGET = 14.0;
				MACOSX_DEPLOYMENT_TARGET = 11.0;
				MTL_ENABLE_DEBUG_INFO = INCLUDE_SOURCE;
				MTL_FAST_MATH = YES;
				ONLY_ACTIVE_ARCH = YES;
				SDKROOT = macosx;
				SWIFT_ACTIVE_COMPILATION_CONDITIONS = DEBUG;
				SWIFT_OPTIMIZATION_LEVEL = "-Onone";
				SWIFT_VERSION = 6.0;
			};
			name = Debug;
		};
		E230C4C725AE7B33005DCB55 /* Release */ = {
			isa = XCBuildConfiguration;
			buildSettings = {
				ALWAYS_SEARCH_USER_PATHS = NO;
				ASSETCATALOG_COMPILER_GENERATE_SWIFT_ASSET_SYMBOL_EXTENSIONS = YES;
				CLANG_ANALYZER_NONNULL = YES;
				CLANG_ANALYZER_NUMBER_OBJECT_CONVERSION = YES_AGGRESSIVE;
				CLANG_CXX_LANGUAGE_STANDARD = "gnu++14";
				CLANG_CXX_LIBRARY = "libc++";
				CLANG_ENABLE_MODULES = YES;
				CLANG_ENABLE_OBJC_ARC = YES;
				CLANG_ENABLE_OBJC_WEAK = YES;
				CLANG_WARN_BLOCK_CAPTURE_AUTORELEASING = YES;
				CLANG_WARN_BOOL_CONVERSION = YES;
				CLANG_WARN_COMMA = YES;
				CLANG_WARN_CONSTANT_CONVERSION = YES;
				CLANG_WARN_DEPRECATED_OBJC_IMPLEMENTATIONS = YES;
				CLANG_WARN_DIRECT_OBJC_ISA_USAGE = YES_ERROR;
				CLANG_WARN_DOCUMENTATION_COMMENTS = YES;
				CLANG_WARN_EMPTY_BODY = YES;
				CLANG_WARN_ENUM_CONVERSION = YES;
				CLANG_WARN_INFINITE_RECURSION = YES;
				CLANG_WARN_INT_CONVERSION = YES;
				CLANG_WARN_NON_LITERAL_NULL_CONVERSION = YES;
				CLANG_WARN_OBJC_IMPLICIT_RETAIN_SELF = YES;
				CLANG_WARN_OBJC_LITERAL_CONVERSION = YES;
				CLANG_WARN_OBJC_ROOT_CLASS = YES_ERROR;
				CLANG_WARN_QUOTED_INCLUDE_IN_FRAMEWORK_HEADER = YES;
				CLANG_WARN_RANGE_LOOP_ANALYSIS = YES;
				CLANG_WARN_STRICT_PROTOTYPES = YES;
				CLANG_WARN_SUSPICIOUS_MOVE = YES;
				CLANG_WARN_UNGUARDED_AVAILABILITY = YES_AGGRESSIVE;
				CLANG_WARN_UNREACHABLE_CODE = YES;
				CLANG_WARN__DUPLICATE_METHOD_MATCH = YES;
				COPY_PHASE_STRIP = NO;
				DEAD_CODE_STRIPPING = YES;
				DEBUG_INFORMATION_FORMAT = "dwarf-with-dsym";
				ENABLE_NS_ASSERTIONS = NO;
				ENABLE_STRICT_OBJC_MSGSEND = YES;
				ENABLE_USER_SCRIPT_SANDBOXING = YES;
				GCC_C_LANGUAGE_STANDARD = gnu11;
				GCC_NO_COMMON_BLOCKS = YES;
				GCC_WARN_64_TO_32_BIT_CONVERSION = YES;
				GCC_WARN_ABOUT_RETURN_TYPE = YES_ERROR;
				GCC_WARN_UNDECLARED_SELECTOR = YES;
				GCC_WARN_UNINITIALIZED_AUTOS = YES_AGGRESSIVE;
				GCC_WARN_UNUSED_FUNCTION = YES;
				GCC_WARN_UNUSED_VARIABLE = YES;
				IPHONEOS_DEPLOYMENT_TARGET = 14.0;
				MACOSX_DEPLOYMENT_TARGET = 11.0;
				MTL_ENABLE_DEBUG_INFO = NO;
				MTL_FAST_MATH = YES;
				SDKROOT = macosx;
				SWIFT_COMPILATION_MODE = wholemodule;
				SWIFT_OPTIMIZATION_LEVEL = "-O";
				SWIFT_VERSION = 6.0;
			};
			name = Release;
		};
		E230C4C925AE7B33005DCB55 /* Debug */ = {
			isa = XCBuildConfiguration;
			buildSettings = {
				ASSETCATALOG_COMPILER_APPICON_NAME = AppIcon;
				ASSETCATALOG_COMPILER_GLOBAL_ACCENT_COLOR_NAME = AccentColor;
				CODE_SIGN_ENTITLEMENTS = MIDISystemInfo/macOS/MIDISystemInfo.entitlements;
				CODE_SIGN_STYLE = Automatic;
				COMBINE_HIDPI_IMAGES = YES;
				CURRENT_PROJECT_VERSION = 5;
				DEAD_CODE_STRIPPING = YES;
				DEVELOPMENT_TEAM = "";
				ENABLE_HARDENED_RUNTIME = YES;
				ENABLE_PREVIEWS = YES;
				INFOPLIST_FILE = MIDISystemInfo/macOS/Info.plist;
				INFOPLIST_KEY_CFBundleDisplayName = "MIDI System Info";
				INFOPLIST_KEY_LSApplicationCategoryType = "public.app-category.utilities";
				LD_RUNPATH_SEARCH_PATHS = (
					"$(inherited)",
					"@executable_path/../Frameworks",
				);
				MARKETING_VERSION = 1.4;
				PRODUCT_BUNDLE_IDENTIFIER = "com.orchetect.swift-midi.MIDISystemInfo${DEVELOPMENT_TEAM}";
				PRODUCT_NAME = "MIDI System Info";
				SUPPORTED_PLATFORMS = macosx;
				SUPPORTS_MACCATALYST = NO;
				SUPPORTS_MAC_DESIGNED_FOR_IPHONE_IPAD = NO;
			};
			name = Debug;
		};
		E230C4CA25AE7B33005DCB55 /* Release */ = {
			isa = XCBuildConfiguration;
			buildSettings = {
				ASSETCATALOG_COMPILER_APPICON_NAME = AppIcon;
				ASSETCATALOG_COMPILER_GLOBAL_ACCENT_COLOR_NAME = AccentColor;
				CODE_SIGN_ENTITLEMENTS = MIDISystemInfo/macOS/MIDISystemInfo.entitlements;
				CODE_SIGN_STYLE = Automatic;
				COMBINE_HIDPI_IMAGES = YES;
				CURRENT_PROJECT_VERSION = 5;
				DEAD_CODE_STRIPPING = YES;
				DEVELOPMENT_TEAM = "";
				ENABLE_HARDENED_RUNTIME = YES;
				ENABLE_PREVIEWS = YES;
				INFOPLIST_FILE = MIDISystemInfo/macOS/Info.plist;
				INFOPLIST_KEY_CFBundleDisplayName = "MIDI System Info";
				INFOPLIST_KEY_LSApplicationCategoryType = "public.app-category.utilities";
				LD_RUNPATH_SEARCH_PATHS = (
					"$(inherited)",
					"@executable_path/../Frameworks",
				);
				MARKETING_VERSION = 1.4;
				PRODUCT_BUNDLE_IDENTIFIER = "com.orchetect.swift-midi.MIDISystemInfo${DEVELOPMENT_TEAM}";
				PRODUCT_NAME = "MIDI System Info";
				SUPPORTED_PLATFORMS = macosx;
				SUPPORTS_MACCATALYST = NO;
				SUPPORTS_MAC_DESIGNED_FOR_IPHONE_IPAD = NO;
			};
			name = Release;
		};
/* End XCBuildConfiguration section */

/* Begin XCConfigurationList section */
		E20CF4CB299C7F6300F0E003 /* Build configuration list for PBXNativeTarget "MIDISystemInfo iOS" */ = {
			isa = XCConfigurationList;
			buildConfigurations = (
				E20CF4C9299C7F6300F0E003 /* Debug */,
				E20CF4CA299C7F6300F0E003 /* Release */,
			);
			defaultConfigurationIsVisible = 0;
			defaultConfigurationName = Release;
		};
		E230C49A25AE7B31005DCB55 /* Build configuration list for PBXProject "MIDISystemInfo" */ = {
			isa = XCConfigurationList;
			buildConfigurations = (
				E230C4C625AE7B33005DCB55 /* Debug */,
				E230C4C725AE7B33005DCB55 /* Release */,
			);
			defaultConfigurationIsVisible = 0;
			defaultConfigurationName = Release;
		};
		E230C4C825AE7B33005DCB55 /* Build configuration list for PBXNativeTarget "MIDISystemInfo macOS" */ = {
			isa = XCConfigurationList;
			buildConfigurations = (
				E230C4C925AE7B33005DCB55 /* Debug */,
				E230C4CA25AE7B33005DCB55 /* Release */,
			);
			defaultConfigurationIsVisible = 0;
			defaultConfigurationName = Release;
		};
/* End XCConfigurationList section */

/* Begin XCLocalSwiftPackageReference section */
		E22A75332FA4A539006CAB3F /* XCLocalSwiftPackageReference "../../../" */ = {
			isa = XCLocalSwiftPackageReference;
			relativePath = ../../../;
		};
/* End XCLocalSwiftPackageReference section */

/* Begin XCSwiftPackageProductDependency section */
		E22A75342FA4A539006CAB3F /* SwiftMIDIIO */ = {
			isa = XCSwiftPackageProductDependency;
			productName = SwiftMIDIIO;
		};
		E22A75372FA4A540006CAB3F /* SwiftMIDIIO */ = {
			isa = XCSwiftPackageProductDependency;
			package = E22A75332FA4A539006CAB3F /* XCLocalSwiftPackageReference "../../../" */;
			productName = SwiftMIDIIO;
		};
/* End XCSwiftPackageProductDependency section */
	};
	rootObject = E230C49725AE7B31005DCB55 /* Project object */;
}
